
Microsoft Visual Studio Solution File, Format Version 11.00
# Visual C# Express 2010
Project("{FAE04EC0-301F-11D3-BF4B-00C04F79EFBC}") = "Libreria_instrumento", "Libreria_instrumento\Libreria_instrumento.csproj", "{260F5ECD-A552-428A-AAB0-5CEC8AF49E83}"
EndProject
Global
	GlobalSection(SolutionConfigurationPlatforms) = preSolution
		Debug|Any CPU = Debug|Any CPU
		Release|Any CPU = Release|Any CPU
	EndGlobalSection
	GlobalSection(ProjectConfigurationPlatforms) = postSolution
		{260F5ECD-A552-428A-AAB0-5CEC8AF49E83}.Debug|Any CPU.ActiveCfg = Debug|Any CPU
		{260F5ECD-A552-428A-AAB0-5CEC8AF49E83}.Debug|Any CPU.Build.0 = Debug|Any CPU
		{260F5ECD-A552-428A-AAB0-5CEC8AF49E83}.Release|Any CPU.ActiveCfg = Release|Any CPU
		{260F5ECD-A552-428A-AAB0-5CEC8AF49E83}.Release|Any CPU.Build.0 = Release|Any CPU
	EndGlobalSection
	GlobalSection(SolutionProperties) = preSolution
		HideSolutionNode = FALSE
	EndGlobalSection
EndGlobal
